{
  "version": "4",
  "redirects": {
    "https://deno.land/x/ensure/mod.ts": "https://deno.land/x/ensure@v1.2.0/mod.ts",
    "https://esm.sh/gh/jeff-hykin/good-js@1.14.3.0/source/flattened/path_pieces_posix.js": "https://esm.sh/gh/jeff-hykin/good-js@40797ac/source/flattened/path_pieces_posix.js",
    "https://esm.sh/gh/jeff-hykin/good-js@1.14.3.0/source/flattened/to_representation.js": "https://esm.sh/gh/jeff-hykin/good-js@40797ac/source/flattened/to_representation.js",
    "https://esm.sh/gh/jeff-hykin/good-js@1.14.3.0/source/support/posix.js": "https://esm.sh/gh/jeff-hykin/good-js@40797ac/source/support/posix.js"
  },
  "remote": {
    "https://deno.land/std@0.106.0/_util/assert.ts": "2f868145a042a11d5ad0a3c748dcf580add8a0dbc0e876eaa0026303a5488f58",
    "https://deno.land/std@0.106.0/_util/has_own_property.ts": "f5edd94ed3f3c20c517d812045deb97977e18501c9b7105b5f5c11a31893d7a2",
    "https://deno.land/std@0.106.0/_util/os.ts": "dfb186cc4e968c770ab6cc3288bd65f4871be03b93beecae57d657232ecffcac",
    "https://deno.land/std@0.106.0/_wasm_crypto/crypto.js": "c887c5887192092b2180d8f91bc507c67fc837cb5572cf2de3d6de0dd6f43439",
    "https://deno.land/std@0.106.0/_wasm_crypto/crypto.wasm.js": "98270cd5221cb35c6ca904a5cf47be6a1348aba124271dd427ea2407cfad0f58",
    "https://deno.land/std@0.106.0/_wasm_crypto/mod.ts": "c66cd1689a2d995b065dc3c1e6099824b5e3556f6b83ec5ca681519eea6e8b7f",
    "https://deno.land/std@0.106.0/async/deadline.ts": "1d6ac7aeaee22f75eb86e4e105d6161118aad7b41ae2dd14f4cfd3bf97472b93",
    "https://deno.land/std@0.106.0/async/debounce.ts": "b2f693e4baa16b62793fd618de6c003b63228db50ecfe3bd51fc5f6dc0bc264b",
    "https://deno.land/std@0.106.0/async/deferred.ts": "ce81070ad3ba3294f3f34c032af884ccde1a20922b648f6eaee54bd8fd951a1e",
    "https://deno.land/std@0.106.0/async/delay.ts": "db68b7c22518ea9805be110cdc914017d741894d2bececf4d78607fd2f0548e7",
    "https://deno.land/std@0.106.0/async/mod.ts": "78425176fabea7bd1046ce3819fd69ce40da85c83e0f174d17e8e224a91f7d10",
    "https://deno.land/std@0.106.0/async/mux_async_iterator.ts": "62abff3af9ff619e8f2adc96fc70d4ca020fa48a50c23c13f12d02ed2b760dbe",
    "https://deno.land/std@0.106.0/async/pool.ts": "353ce4f91865da203a097aa6f33de8966340c91b6f4a055611c8c5d534afd12f",
    "https://deno.land/std@0.106.0/async/tee.ts": "6b8f1322b6dd2396202cfbe9cde9cab158d1e962cfd9197b0a97c6657bee79ce",
    "https://deno.land/std@0.106.0/bytes/bytes_list.ts": "a13287edb03f19d27ba4927dec6d6de3e5bd46254cd4aee6f7e5815810122673",
    "https://deno.land/std@0.106.0/bytes/mod.ts": "440684e07e8f57a19a43b34d57eb63af0b36fc92b6657b6dcdbf9d5612d62e29",
    "https://deno.land/std@0.106.0/crypto/mod.ts": "a562bf0fa4b5e3ab9108b5a3f252464daeb78a0a7734fb418a8bd091b201f695",
    "https://deno.land/std@0.106.0/encoding/base64.ts": "eecae390f1f1d1cae6f6c6d732ede5276bf4b9cd29b1d281678c054dc5cc009e",
    "https://deno.land/std@0.106.0/flags/mod.ts": "35b36f1869ebd8da25764191d865dd162631ba8d02ff7459d9e4058fc1e491a3",
    "https://deno.land/std@0.106.0/fmt/colors.ts": "d2f8355f00a74404668fc5a1e4a92983ce1a9b0a6ac1d40efbd681cb8f519586",
    "https://deno.land/std@0.106.0/http/_io.ts": "61c8171a7bfb8baad7570e2122d093a0c65ed3f02af04dfd6117006f3a5bb4e5",
    "https://deno.land/std@0.106.0/http/http_status.ts": "ebaa9bebfb8adc3d7b20c49e11037e4eefd79629ad80d81383933f4cdc91b3eb",
    "https://deno.land/std@0.106.0/http/server.ts": "500dd450202da79df1142c804e0d8d507baffaf81808ec8337238efbd3bb6005",
    "https://deno.land/std@0.106.0/io/buffer.ts": "3ead6bb11276ebcf093c403f74f67fd2205a515dbbb9061862c468ca56f37cd8",
    "https://deno.land/std@0.106.0/io/bufio.ts": "6024117aa37f8d21a116654bd5ca5191d803f6492bbc744e3cee5054d0e900d1",
    "https://deno.land/std@0.106.0/io/ioutil.ts": "3c6b7c8be3b8cd19746de028c40063193578612244a935dcc27be9f3ff343b0c",
    "https://deno.land/std@0.106.0/io/util.ts": "85c33d61b20fd706acc094fe80d4c8ae618b04abcf3a96ca2b47071842c1c8ac",
    "https://deno.land/std@0.106.0/path/_constants.ts": "1247fee4a79b70c89f23499691ef169b41b6ccf01887a0abd131009c5581b853",
    "https://deno.land/std@0.106.0/path/_interface.ts": "1fa73b02aaa24867e481a48492b44f2598cd9dfa513c7b34001437007d3642e4",
    "https://deno.land/std@0.106.0/path/_util.ts": "2e06a3b9e79beaf62687196bd4b60a4c391d862cfa007a20fc3a39f778ba073b",
    "https://deno.land/std@0.106.0/path/common.ts": "eaf03d08b569e8a87e674e4e265e099f237472b6fd135b3cbeae5827035ea14a",
    "https://deno.land/std@0.106.0/path/glob.ts": "3b84af55c53febacf6afe214c095624b22a56b6f57d7312157479cc783a0de65",
    "https://deno.land/std@0.106.0/path/mod.ts": "4465dc494f271b02569edbb4a18d727063b5dbd6ed84283ff906260970a15d12",
    "https://deno.land/std@0.106.0/path/posix.ts": "b81974c768d298f8dcd2c720229639b3803ca4a241fa9a355c762fa2bc5ef0c1",
    "https://deno.land/std@0.106.0/path/separator.ts": "8fdcf289b1b76fd726a508f57d3370ca029ae6976fcde5044007f062e643ff1c",
    "https://deno.land/std@0.106.0/path/win32.ts": "f4a3d4a3f2c9fe894da046d5eac48b5e789a0ebec5152b2c0985efe96a9f7ae1",
    "https://deno.land/std@0.106.0/testing/_diff.ts": "5d3693155f561d1a5443ac751ac70aab9f5d67b4819a621d4b96b8a1a1c89620",
    "https://deno.land/std@0.106.0/testing/asserts.ts": "5f3a0fddb15a9733e44737e2d52be8e696bb79bc4e3830a9f246c5b8f3b29b31",
    "https://deno.land/std@0.106.0/textproto/mod.ts": "6e8430986393e3929720cec9c6668d75dee2ffd953886e842dc124c251cb86c8",
    "https://deno.land/std@0.106.0/ws/mod.ts": "21809c2884d3412a6f5af062bb84a35522eab7d1dfad287d3f1e85f86b9b0ed2",
    "https://deno.land/std@0.128.0/_util/assert.ts": "e94f2eb37cebd7f199952e242c77654e43333c1ac4c5c700e929ea3aa5489f74",
    "https://deno.land/std@0.128.0/_util/os.ts": "49b92edea1e82ba295ec946de8ffd956ed123e2948d9bd1d3e901b04e4307617",
    "https://deno.land/std@0.128.0/path/_constants.ts": "df1db3ffa6dd6d1252cc9617e5d72165cd2483df90e93833e13580687b6083c3",
    "https://deno.land/std@0.128.0/path/_interface.ts": "ee3b431a336b80cf445441109d089b70d87d5e248f4f90ff906820889ecf8d09",
    "https://deno.land/std@0.128.0/path/_util.ts": "c1e9686d0164e29f7d880b2158971d805b6e0efc3110d0b3e24e4b8af2190d2b",
    "https://deno.land/std@0.128.0/path/common.ts": "bee563630abd2d97f99d83c96c2fa0cca7cee103e8cb4e7699ec4d5db7bd2633",
    "https://deno.land/std@0.128.0/path/glob.ts": "cb5255638de1048973c3e69e420c77dc04f75755524cb3b2e160fe9277d939ee",
    "https://deno.land/std@0.128.0/path/mod.ts": "4275129bb766f0e475ecc5246aa35689eeade419d72a48355203f31802640be7",
    "https://deno.land/std@0.128.0/path/posix.ts": "663e4a6fe30a145f56aa41a22d95114c4c5582d8b57d2d7c9ed27ad2c47636bb",
    "https://deno.land/std@0.128.0/path/separator.ts": "fe1816cb765a8068afb3e8f13ad272351c85cbc739af56dacfc7d93d710fe0f9",
    "https://deno.land/std@0.128.0/path/win32.ts": "e7bdf63e8d9982b4d8a01ef5689425c93310ece950e517476e22af10f41a136e",
    "https://deno.land/std@0.168.0/_util/asserts.ts": "d0844e9b62510f89ce1f9878b046f6a57bf88f208a10304aab50efcb48365272",
    "https://deno.land/std@0.168.0/flags/mod.ts": "4f50ec6383c02684db35de38b3ffb2cd5b9fcfcc0b1147055d1980c49e82521c",
    "https://deno.land/x/ensure@v1.2.0/mod.ts": "af0e793b92c6c08a3c68c094ba3cf788cb25db5b4025b86cb83d3e77cc86c644",
    "https://deno.land/x/ensure@v1.2.0/src/compare.ts": "8a8d0b6d30f82713f427434836864e5a91663471baf13eeb1b03d859f6350a5a",
    "https://deno.land/x/ensure@v1.2.0/src/main.ts": "442a17d487fdf6802c86c81a85a4dc9ad2c1528db0a5f2db8dc403cd35c96e49",
    "https://deno.land/x/good@1.13.5.0/array.js": "613ce24fa245169c50a4a2d2fee3cabc4c3035048af6f1a6f94a64dc0fe72944",
    "https://deno.land/x/good@1.13.5.0/date.js": "3529b559a031d9e823f9f0b1c01d934cd2fb26c1627d24858f933b1091e6ed83",
    "https://deno.land/x/good@1.13.5.0/flattened/all_key_descriptions.js": "9ca2bb16873db46ab1bcab6a49012136b51976bbadf155cc11368c5ccb935420",
    "https://deno.land/x/good@1.13.5.0/flattened/all_keys.js": "71ed06664181d08960b7df5e401bf7f82224457a65b41d5ddd71fd0e5e61b0cc",
    "https://deno.land/x/good@1.13.5.0/flattened/array_iterator__class.js": "1b9dff937cbb6794cab7b1a61a7a46259469d468296014f7eff2738cde80f3b7",
    "https://deno.land/x/good@1.13.5.0/flattened/async_function__class.js": "bd04910ff65e3b440a81ad513a92aae70d5cec77e05e07539b7d5a4920d920cf",
    "https://deno.land/x/good@1.13.5.0/flattened/async_generator_function__class.js": "04813b9c28e55cfb85b92ef7b6d83c9c235807ad627b61bd1d1914990f152fe3",
    "https://deno.land/x/good@1.13.5.0/flattened/async_generator_object__class.js": "c72ca3489ceb0ccba868ff791a9209f1e6e3f19242d79d81359558f9db253f9b",
    "https://deno.land/x/good@1.13.5.0/flattened/built_in_copyable_primitive_classes.js": "f2507aaaa5678722af149e840690a5c7c3a7fd894e37605eeca04e3841a55753",
    "https://deno.land/x/good@1.13.5.0/flattened/combinations.js": "b1ed65ac222a5af6f25b14221fb43789f4ca3a886624bd14247c402c2500fa2e",
    "https://deno.land/x/good@1.13.5.0/flattened/count.js": "b14c594161b607d374e12ebefd2e779ce8c6daf1488345377c59e05d7cdc0e00",
    "https://deno.land/x/good@1.13.5.0/flattened/deep_copy.js": "8f5d97c9237448180bcb708198280b9f9b64996eb35daeb9ccb5d2a2dae9ccfe",
    "https://deno.land/x/good@1.13.5.0/flattened/deep_copy_symbol.js": "e0b0c6aaa052efe0dc95ff408ce494440afc74b0d5154d65899cd7f80222aada",
    "https://deno.land/x/good@1.13.5.0/flattened/deep_sort_object.js": "6f144ef332291cb8cb007c70c2de47c33770b5e8e55bbec917034ee6c97b6846",
    "https://deno.land/x/good@1.13.5.0/flattened/empty_generator_object.js": "5832c04b97297226fa8b8c715b5311dd1b63fe0722d1000cfb4213a554d7ef12",
    "https://deno.land/x/good@1.13.5.0/flattened/enumerate.js": "a274e8cc91dc407c6853026d91ecd56fa0b958f85354bff8b7469759dfb19d5a",
    "https://deno.land/x/good@1.13.5.0/flattened/is_async_iterable.js": "78fd5a1fd4a1e060a912a79fb963691d92874d1477d8d1193fcbf8f0b5f1bb80",
    "https://deno.land/x/good@1.13.5.0/flattened/is_built_in_generator_function.js": "e8c9763ea1c9cd7d51daacd17b5e86d857a5bad752b457a975124258241fccff",
    "https://deno.land/x/good@1.13.5.0/flattened/is_built_in_sync_iterator.js": "38425e05bf4f75e002c8ac920dbf2b9453a465e8b624869e4e6d63b11c3753da",
    "https://deno.land/x/good@1.13.5.0/flattened/is_generator_object.js": "1e70c76cc8e09607f14d041fab921fd20d78c4e09fe2ca5760cba6c8b7cb9264",
    "https://deno.land/x/good@1.13.5.0/flattened/is_iterable_object_or_container.js": "fe4ce8f58d432b7272f36233bbec5141d5704e6316c679ef62a655b03fdb91b5",
    "https://deno.land/x/good@1.13.5.0/flattened/is_iterable_technically.js": "3b95d416d7181f7e876c90cbba2b2fd4fd5beb00a4c466e58218724c75af1f95",
    "https://deno.land/x/good@1.13.5.0/flattened/is_iterator.js": "4ec120bca955f3132ddb9d5688ca0f5bb730462065b5b7b8d952f8b2ab62b7c5",
    "https://deno.land/x/good@1.13.5.0/flattened/is_practically_primitive.js": "a6a002bb265862b0d06c99c140eb4a86f74bb51e8cf3322c6022c1ab3b971e4b",
    "https://deno.land/x/good@1.13.5.0/flattened/is_primitive.js": "a5392f05599254293f25e17bc1124eb2200314e9a8f088448faf892d80da3e21",
    "https://deno.land/x/good@1.13.5.0/flattened/is_pure_object.js": "db8e0c9dd21db248d53256ef58e9adaf1d9b530d613cc30514243674438cd2d5",
    "https://deno.land/x/good@1.13.5.0/flattened/is_sync_iterable.js": "793cfb7e1d1ce764e4d78ee84f4149fec07c7fd41bc34589cc766e906bd4fced",
    "https://deno.land/x/good@1.13.5.0/flattened/is_sync_iterable_object_or_container.js": "df4c5b3dd9adc8713759f34c6f6977899b01d1d0bb79e09db45f37b3fee3b6ca",
    "https://deno.land/x/good@1.13.5.0/flattened/iter_zip_long_sync.js": "4c94a0b3de809ebd82bb6deab36b8d6501484bb01a8b50e0a2f5766969e31932",
    "https://deno.land/x/good@1.13.5.0/flattened/make_iterable.js": "498cf2a94de08ce85b11b7477d71aa27553e0314cadd317efbc5b5e87c234ded",
    "https://deno.land/x/good@1.13.5.0/flattened/make_iterator.js": "ea6a397d92b7384b8a0da02df22e9212ecbf11aa89bfc4eedeb8214056634e3c",
    "https://deno.land/x/good@1.13.5.0/flattened/map_iterator__class.js": "c2619a8a67ff7ad1164175e0dfb91d886aca0272574f752a9d291845e2101cb0",
    "https://deno.land/x/good@1.13.5.0/flattened/own_key_descriptions.js": "83912de94b7a312bee00aeb9ce91639b6e41fc49566567b91f5ad5fd43e86076",
    "https://deno.land/x/good@1.13.5.0/flattened/permute.js": "6f5061f0b100fa05b2cf82d1152635e1ab9840a9cfb13a805dc30a06cefbdbd9",
    "https://deno.land/x/good@1.13.5.0/flattened/reversed.js": "bad4b78925222ca76d4b3cac7a4addcf4e2786104ee12d43f4e65922e4fce0f7",
    "https://deno.land/x/good@1.13.5.0/flattened/set_iterator__class.js": "891620901e610f91cca0594fbf7d3ba9fc68596c920fb75308e43802e7876d6b",
    "https://deno.land/x/good@1.13.5.0/flattened/shallow_sort_object.js": "2abbfd1c319bafa126ef8d9daf9965d93c7bb8efa016d4bb7b248250a3a2f3e8",
    "https://deno.land/x/good@1.13.5.0/flattened/slices.js": "822888ccb3ce0b42602cc071ad2075898ab8a9dd907c161d99b60713752bdaaf",
    "https://deno.land/x/good@1.13.5.0/flattened/stable_stringify.js": "20b8a038e12a713782d834c0aec8ec60118e33fc59d98f623ae668f4d13ba095",
    "https://deno.land/x/good@1.13.5.0/flattened/stitch.js": "823f04859f8faca84a7ee2bfda11942ef1b562dfa414e62526c1643f3d5ecc90",
    "https://deno.land/x/good@1.13.5.0/flattened/sync_generator_function__class.js": "513a077785f5d02b291438393ab28aea496ad3b598f2e67835281c4c2d65c59b",
    "https://deno.land/x/good@1.13.5.0/flattened/sync_generator_object__class.js": "65048eebf288e5fcd6d07abb89c32a1b5abe28bb262e5843eac89e3837d02894",
    "https://deno.land/x/good@1.13.5.0/flattened/sync_iterator_prototype.js": "6bf85b0e1f9ec3c12b0f275fabe3b81896d3b0f604b4cd4ae9fae519513fa876",
    "https://deno.land/x/good@1.13.5.0/flattened/to_camel_case.js": "fb339ac115d9cc065c47015ec0fc99e2ae0db9ce4725e499df48de14a2235f10",
    "https://deno.land/x/good@1.13.5.0/flattened/typed_array_classes.js": "a4820d7bbec03a38fb26f45ed3995fedbebc355e934d046b6f490b55df959300",
    "https://deno.land/x/good@1.13.5.0/flattened/word_list.js": "fc39da8e045a7f1e017e208c9ebbd4803ff74b4e437458d765fc11461e60d7f0",
    "https://deno.land/x/good@1.13.5.0/flattened/wrap_around_get.js": "224b2e489fa3e007fe6f338c84b04456b43f4d982749385aa0248ef7043db5ff",
    "https://deno.land/x/good@1.13.5.0/value.js": "7d6b209bde1ab6af524090e4072490a9e9c7b4aca71cf12d2f30f93351cfb7e7",
    "https://deno.land/x/good@1.6.0.0/async.js": "f6c364c55802a90608485e708899d38699e7ba55386f10bff29339fd939a5898",
    "https://deno.land/x/good@1.6.0.0/iterable.js": "42885dceeb9173b21ba8489e6cc3b10db640428aff7c31394a253c7894dba3e6",
    "https://deno.land/x/good@1.6.0.0/string.js": "f8548760c0e185effb6ec190a6d700cad5bf8c47adf156110635065dc32a28f1",
    "https://deno.land/x/good@1.6.0.0/value.js": "dc5b96f2dabc51f0d1d86d3cf72ef55f623b82b7b2f0698b41b4714b4201247d",
    "https://esm.sh/gh/jeff-hykin/archaeopteryx@1.0.11/denonext/mod.ts.mjs": "22fccffcaab94b338bd207a4dcae5fd23598f4ea51dabcdca458bf20ba6fd259",
    "https://esm.sh/gh/jeff-hykin/archaeopteryx@1.0.11/mod.ts": "a3c4889081c369a4b33b957122741d72f86b6abd522263df333fe99060b6919d",
    "https://esm.sh/gh/jeff-hykin/good-js@40797ac/denonext/source/flattened/path_pieces_posix.mjs": "a144026b6d2f63a0761cbe120c8e5551d610d63c9e7d7912f1056ae5a891a1d1",
    "https://esm.sh/gh/jeff-hykin/good-js@40797ac/denonext/source/flattened/to_representation.mjs": "872271ebad1af4b4ac66b90291f7a1f7ccd052e22b2cdd28adaee979b7afc4c6",
    "https://esm.sh/gh/jeff-hykin/good-js@40797ac/denonext/source/support/posix.mjs": "2005f6a96005b031c3dbadcbfd36f0b5f6e686627c27d64c4697674b43a0fb3b",
    "https://esm.sh/gh/jeff-hykin/good-js@40797ac/source/flattened/path_pieces_posix.js": "ad98ea5178de29272fb012b42f95d335dd0e0d8ddb4a8facd1d4f8d170d1ba30",
    "https://esm.sh/gh/jeff-hykin/good-js@40797ac/source/flattened/to_representation.js": "0fdeea37de7b7e7ed15e9314933e89da78ccc3fac0b7314becc1b13d4a314f0a",
    "https://esm.sh/gh/jeff-hykin/good-js@40797ac/source/support/posix.js": "90457b5b9338c65ba4851d850f6e870cca88dcaab97eb4bdf421f8ff562723dc",
    "https://raw.githubusercontent.com/jeff-hykin/archaeopteryx/5152f9a5c6e178cf86b6d82532765ba6d227ec2e/404.ts": "0d0bbe4ae6b8f966b6fe7ac038a88687b25099a754ad8663d9f2db428e1f2240",
    "https://raw.githubusercontent.com/jeff-hykin/archaeopteryx/5152f9a5c6e178cf86b6d82532765ba6d227ec2e/deps.ts": "5ab07dce01612d17d603ed157532faec7848ec261b782ef91a4be010209b75ff",
    "https://raw.githubusercontent.com/jeff-hykin/archaeopteryx/5152f9a5c6e178cf86b6d82532765ba6d227ec2e/directory.ts": "2a42778777ff42fe06c7ae95494810854339bbb10f532fa81429cfc8ba923719",
    "https://raw.githubusercontent.com/jeff-hykin/archaeopteryx/5152f9a5c6e178cf86b6d82532765ba6d227ec2e/handlers.ts": "8fa40f0d6542117943e3c1e80a47359f0f06f0792ef7893154f39e486bd0f13c",
    "https://raw.githubusercontent.com/jeff-hykin/archaeopteryx/5152f9a5c6e178cf86b6d82532765ba6d227ec2e/mimes.ts": "6f3d8e5e09b150d03811aa9ba278e1a7bf7ff9cace8e70d3237d5db16abb7ad2",
    "https://raw.githubusercontent.com/jeff-hykin/archaeopteryx/5152f9a5c6e178cf86b6d82532765ba6d227ec2e/mod.ts": "b5d26d449483adca100f43eea91675ad09ea3a38488db9d3e4f76ae6c92e2b56",
    "https://raw.githubusercontent.com/jeff-hykin/archaeopteryx/5152f9a5c6e178cf86b6d82532765ba6d227ec2e/utils/boilerplate.ts": "371db0184944293d0df571761dde833574f207d72e9894696cab8b4e2ddbffdb",
    "https://raw.githubusercontent.com/jeff-hykin/archaeopteryx/5152f9a5c6e178cf86b6d82532765ba6d227ec2e/utils/errors.ts": "be37f9af23f04b8f7471af0c80cdd73b4b457cde723fbd8fa2fe9c8d88b8f207",
    "https://raw.githubusercontent.com/jeff-hykin/archaeopteryx/5152f9a5c6e178cf86b6d82532765ba6d227ec2e/utils/utils.ts": "513a9850322799e13a07f32251b7cf2178e733db6738e73dba3814a4638b616d",
    "https://raw.githubusercontent.com/jeff-hykin/archaeopteryx/9676e2874e910b3b4d017afb397817a864da88f6/404.ts": "0d0bbe4ae6b8f966b6fe7ac038a88687b25099a754ad8663d9f2db428e1f2240",
    "https://raw.githubusercontent.com/jeff-hykin/archaeopteryx/9676e2874e910b3b4d017afb397817a864da88f6/deps.ts": "5ab07dce01612d17d603ed157532faec7848ec261b782ef91a4be010209b75ff",
    "https://raw.githubusercontent.com/jeff-hykin/archaeopteryx/9676e2874e910b3b4d017afb397817a864da88f6/directory.ts": "2a42778777ff42fe06c7ae95494810854339bbb10f532fa81429cfc8ba923719",
    "https://raw.githubusercontent.com/jeff-hykin/archaeopteryx/9676e2874e910b3b4d017afb397817a864da88f6/handlers.ts": "8fa40f0d6542117943e3c1e80a47359f0f06f0792ef7893154f39e486bd0f13c",
    "https://raw.githubusercontent.com/jeff-hykin/archaeopteryx/9676e2874e910b3b4d017afb397817a864da88f6/mimes.ts": "6f3d8e5e09b150d03811aa9ba278e1a7bf7ff9cace8e70d3237d5db16abb7ad2",
    "https://raw.githubusercontent.com/jeff-hykin/archaeopteryx/9676e2874e910b3b4d017afb397817a864da88f6/mod.ts": "ac32e5ba74e547b55368805aec99e28a9c2952b32bd5a362e1914d15debb3b48",
    "https://raw.githubusercontent.com/jeff-hykin/archaeopteryx/9676e2874e910b3b4d017afb397817a864da88f6/utils/boilerplate.ts": "371db0184944293d0df571761dde833574f207d72e9894696cab8b4e2ddbffdb",
    "https://raw.githubusercontent.com/jeff-hykin/archaeopteryx/9676e2874e910b3b4d017afb397817a864da88f6/utils/errors.ts": "be37f9af23f04b8f7471af0c80cdd73b4b457cde723fbd8fa2fe9c8d88b8f207",
    "https://raw.githubusercontent.com/jeff-hykin/archaeopteryx/9676e2874e910b3b4d017afb397817a864da88f6/utils/utils.ts": "513a9850322799e13a07f32251b7cf2178e733db6738e73dba3814a4638b616d"
  },
  "workspace": {
    "dependencies": [
      "jsr:@std/assert@1"
    ]
  }
}
